
Microsoft Visual Studio Solution File, Format Version 12.00
# Visual Studio Version 17
VisualStudioVersion = 17.5.33414.496
MinimumVisualStudioVersion = 10.0.40219.1
Project("{FAE04EC0-301F-11D3-BF4B-00C04F79EFBC}") = "TPmoyennes", "TPmoyennes.csproj", "{28E6326F-5C02-40AC-ABEA-EDF63A680DC5}"
EndProject
Global
	GlobalSection(SolutionConfigurationPlatforms) = preSolution
		Debug|Any CPU = Debug|Any CPU
		Release|Any CPU = Release|Any CPU
	EndGlobalSection
	GlobalSection(ProjectConfigurationPlatforms) = postSolution
		{28E6326F-5C02-40AC-ABEA-EDF63A680DC5}.Debug|Any CPU.ActiveCfg = Debug|Any CPU
		{28E6326F-5C02-40AC-ABEA-EDF63A680DC5}.Debug|Any CPU.Build.0 = Debug|Any CPU
		{28E6326F-5C02-40AC-ABEA-EDF63A680DC5}.Release|Any CPU.ActiveCfg = Release|Any CPU
		{28E6326F-5C02-40AC-ABEA-EDF63A680DC5}.Release|Any CPU.Build.0 = Release|Any CPU
	EndGlobalSection
	GlobalSection(SolutionProperties) = preSolution
		HideSolutionNode = FALSE
	EndGlobalSection
	GlobalSection(ExtensibilityGlobals) = postSolution
		SolutionGuid = {34D751F8-388E-4C0A-A00B-54F2F72B2416}
	EndGlobalSection
EndGlobal
